
Microsoft Visual Studio Solution File, Format Version 12.00
# Visual Studio Version 17
VisualStudioVersion = 17.3.32922.545
MinimumVisualStudioVersion = 10.0.40219.1
Project("{FAE04EC0-301F-11D3-BF4B-00C04F79EFBC}") = "AmazonApi", "AmazonApi\AmazonApi.csproj", "{CD0E4C76-C320-43A2-A7FE-42D4E11EF44C}"
EndProject
Global
	GlobalSection(SolutionConfigurationPlatforms) = preSolution
		Debug|Any CPU = Debug|Any CPU
		Release|Any CPU = Release|Any CPU
	EndGlobalSection
	GlobalSection(ProjectConfigurationPlatforms) = postSolution
		{CD0E4C76-C320-43A2-A7FE-42D4E11EF44C}.Debug|Any CPU.ActiveCfg = Debug|Any CPU
		{CD0E4C76-C320-43A2-A7FE-42D4E11EF44C}.Debug|Any CPU.Build.0 = Debug|Any CPU
		{CD0E4C76-C320-43A2-A7FE-42D4E11EF44C}.Release|Any CPU.ActiveCfg = Release|Any CPU
		{CD0E4C76-C320-43A2-A7FE-42D4E11EF44C}.Release|Any CPU.Build.0 = Release|Any CPU
	EndGlobalSection
	GlobalSection(SolutionProperties) = preSolution
		HideSolutionNode = FALSE
	EndGlobalSection
	GlobalSection(ExtensibilityGlobals) = postSolution
		SolutionGuid = {142C9D47-3243-443E-B6B9-04BE16494A51}
	EndGlobalSection
EndGlobal
